
Microsoft Visual Studio Solution File, Format Version 12.00
# Visual Studio Version 17
VisualStudioVersion = 17.13.35825.156 d17.13
MinimumVisualStudioVersion = 10.0.40219.1
Project("{FAE04EC0-301F-11D3-BF4B-00C04F79EFBC}") = "TripPlanner", "TripPlanner\TripPlanner.csproj", "{43E050C5-08AD-4561-86C7-1A9E1AF075BD}"
EndProject
Global
	GlobalSection(SolutionConfigurationPlatforms) = preSolution
		Debug|Any CPU = Debug|Any CPU
		Release|Any CPU = Release|Any CPU
	EndGlobalSection
	GlobalSection(ProjectConfigurationPlatforms) = postSolution
		{43E050C5-08AD-4561-86C7-1A9E1AF075BD}.Debug|Any CPU.ActiveCfg = Debug|Any CPU
		{43E050C5-08AD-4561-86C7-1A9E1AF075BD}.Debug|Any CPU.Build.0 = Debug|Any CPU
		{43E050C5-08AD-4561-86C7-1A9E1AF075BD}.Release|Any CPU.ActiveCfg = Release|Any CPU
		{43E050C5-08AD-4561-86C7-1A9E1AF075BD}.Release|Any CPU.Build.0 = Release|Any CPU
	EndGlobalSection
	GlobalSection(SolutionProperties) = preSolution
		HideSolutionNode = FALSE
	EndGlobalSection
	GlobalSection(ExtensibilityGlobals) = postSolution
		SolutionGuid = {37FA8D63-F864-4FED-9CCA-997BF9E6F873}
	EndGlobalSection
EndGlobal
